
Microsoft Visual Studio Solution File, Format Version 12.00
# Visual Studio 15
VisualStudioVersion = 15.0.28307.168
MinimumVisualStudioVersion = 10.0.40219.1
Project("{00D1A9C2-B5F0-4AF3-8072-F6C62B433612}") = "Normalizacion", "Normalizacion\Normalizacion.sqlproj", "{982836C2-34F1-4E09-8481-C74324805C7F}"
EndProject
Global
	GlobalSection(SolutionConfigurationPlatforms) = preSolution
		Debug|Any CPU = Debug|Any CPU
		Release|Any CPU = Release|Any CPU
	EndGlobalSection
	GlobalSection(ProjectConfigurationPlatforms) = postSolution
		{982836C2-34F1-4E09-8481-C74324805C7F}.Debug|Any CPU.ActiveCfg = Debug|Any CPU
		{982836C2-34F1-4E09-8481-C74324805C7F}.Debug|Any CPU.Build.0 = Debug|Any CPU
		{982836C2-34F1-4E09-8481-C74324805C7F}.Debug|Any CPU.Deploy.0 = Debug|Any CPU
		{982836C2-34F1-4E09-8481-C74324805C7F}.Release|Any CPU.ActiveCfg = Release|Any CPU
		{982836C2-34F1-4E09-8481-C74324805C7F}.Release|Any CPU.Build.0 = Release|Any CPU
		{982836C2-34F1-4E09-8481-C74324805C7F}.Release|Any CPU.Deploy.0 = Release|Any CPU
	EndGlobalSection
	GlobalSection(SolutionProperties) = preSolution
		HideSolutionNode = FALSE
	EndGlobalSection
	GlobalSection(ExtensibilityGlobals) = postSolution
		SolutionGuid = {9EA9D1EE-4C42-411C-B03F-F8F2D6C51BC6}
	EndGlobalSection
EndGlobal
